
Microsoft Visual Studio Solution File, Format Version 12.00
# Visual Studio Version 16
VisualStudioVersion = 16.0.31205.134
MinimumVisualStudioVersion = 10.0.40219.1
Project("{FAE04EC0-301F-11D3-BF4B-00C04F79EFBC}") = "Lista01", "Lista01\Lista01.csproj", "{26CE16ED-9FC3-467F-8A6D-555423433EE4}"
EndProject
Global
	GlobalSection(SolutionConfigurationPlatforms) = preSolution
		Debug|Any CPU = Debug|Any CPU
		Release|Any CPU = Release|Any CPU
	EndGlobalSection
	GlobalSection(ProjectConfigurationPlatforms) = postSolution
		{26CE16ED-9FC3-467F-8A6D-555423433EE4}.Debug|Any CPU.ActiveCfg = Debug|Any CPU
		{26CE16ED-9FC3-467F-8A6D-555423433EE4}.Debug|Any CPU.Build.0 = Debug|Any CPU
		{26CE16ED-9FC3-467F-8A6D-555423433EE4}.Release|Any CPU.ActiveCfg = Release|Any CPU
		{26CE16ED-9FC3-467F-8A6D-555423433EE4}.Release|Any CPU.Build.0 = Release|Any CPU
	EndGlobalSection
	GlobalSection(SolutionProperties) = preSolution
		HideSolutionNode = FALSE
	EndGlobalSection
	GlobalSection(ExtensibilityGlobals) = postSolution
		SolutionGuid = {520CF0A3-2D1A-4EF7-BD7E-BCC358C61D12}
	EndGlobalSection
EndGlobal
